
Microsoft Visual Studio Solution File, Format Version 12.00
# Visual Studio 15
VisualStudioVersion = 15.0.26403.7
MinimumVisualStudioVersion = 10.0.40219.1
Project("{FAE04EC0-301F-11D3-BF4B-00C04F79EFBC}") = "RemoteADBManager", "RemoteADBManager\RemoteADBManager.csproj", "{D87B7DC1-7917-4C93-A042-0C47C533231B}"
EndProject
Global
	GlobalSection(SolutionConfigurationPlatforms) = preSolution
		Debug|Any CPU = Debug|Any CPU
		Release|Any CPU = Release|Any CPU
	EndGlobalSection
	GlobalSection(ProjectConfigurationPlatforms) = postSolution
		{D87B7DC1-7917-4C93-A042-0C47C533231B}.Debug|Any CPU.ActiveCfg = Debug|Any CPU
		{D87B7DC1-7917-4C93-A042-0C47C533231B}.Debug|Any CPU.Build.0 = Debug|Any CPU
		{D87B7DC1-7917-4C93-A042-0C47C533231B}.Release|Any CPU.ActiveCfg = Release|Any CPU
		{D87B7DC1-7917-4C93-A042-0C47C533231B}.Release|Any CPU.Build.0 = Release|Any CPU
	EndGlobalSection
	GlobalSection(SolutionProperties) = preSolution
		HideSolutionNode = FALSE
	EndGlobalSection
EndGlobal
